
Microsoft Visual Studio Solution File, Format Version 12.00
# Visual Studio Version 17
VisualStudioVersion = 17.10.35122.118
MinimumVisualStudioVersion = 10.0.40219.1
Project("{FAE04EC0-301F-11D3-BF4B-00C04F79EFBC}") = "BlazorDashboardApp", "BlazorDashboardApp\BlazorDashboardApp.csproj", "{E4722034-F926-4B9E-9154-F397CEB5E411}"
EndProject
Global
	GlobalSection(SolutionConfigurationPlatforms) = preSolution
		Debug|Any CPU = Debug|Any CPU
		Release|Any CPU = Release|Any CPU
	EndGlobalSection
	GlobalSection(ProjectConfigurationPlatforms) = postSolution
		{E4722034-F926-4B9E-9154-F397CEB5E411}.Debug|Any CPU.ActiveCfg = Debug|Any CPU
		{E4722034-F926-4B9E-9154-F397CEB5E411}.Debug|Any CPU.Build.0 = Debug|Any CPU
		{E4722034-F926-4B9E-9154-F397CEB5E411}.Release|Any CPU.ActiveCfg = Release|Any CPU
		{E4722034-F926-4B9E-9154-F397CEB5E411}.Release|Any CPU.Build.0 = Release|Any CPU
	EndGlobalSection
	GlobalSection(SolutionProperties) = preSolution
		HideSolutionNode = FALSE
	EndGlobalSection
	GlobalSection(ExtensibilityGlobals) = postSolution
		SolutionGuid = {4386C9F5-CDA6-4C2C-A7C5-95A54E39C1E9}
	EndGlobalSection
EndGlobal
